
Microsoft Visual Studio Solution File, Format Version 12.00
# Visual Studio Version 17
VisualStudioVersion = 17.0.31903.59
MinimumVisualStudioVersion = 10.0.40219.1
Project("{2150E333-8FDC-42A3-9474-1A3956D46DE8}") = "src", "src", "{76F25E2F-CCA0-49BB-A8C1-7F3162EADA9C}"
EndProject
Project("{FAE04EC0-301F-11D3-BF4B-00C04F79EFBC}") = "AuctionService", "src\AuctionService\AuctionService.csproj", "{0A8D697D-CFD3-4420-9C81-799FB41DDBC7}"
EndProject
Project("{FAE04EC0-301F-11D3-BF4B-00C04F79EFBC}") = "SearchService", "src\SearchService\SearchService.csproj", "{88FC315F-33BB-4244-8E56-ABCB255EC162}"
EndProject
Project("{FAE04EC0-301F-11D3-BF4B-00C04F79EFBC}") = "Contracts", "src\Contracts\Contracts.csproj", "{00F43A78-652E-4206-B313-006E34931367}"
EndProject
Project("{FAE04EC0-301F-11D3-BF4B-00C04F79EFBC}") = "IdentityService", "src\IdentityService\IdentityService.csproj", "{CFF41DB3-E63D-4082-B353-DBF72DBBAE99}"
EndProject
Project("{FAE04EC0-301F-11D3-BF4B-00C04F79EFBC}") = "GatewayService", "src\GatewayService\GatewayService.csproj", "{B9691329-3E4B-4B4C-A776-2D59616AF34D}"
EndProject
Project("{FAE04EC0-301F-11D3-BF4B-00C04F79EFBC}") = "BiddingService", "src\BiddingService\BiddingService.csproj", "{B1B104F5-E4B0-45A8-9290-4297B3079163}"
EndProject
Global
	GlobalSection(SolutionConfigurationPlatforms) = preSolution
		Debug|Any CPU = Debug|Any CPU
		Release|Any CPU = Release|Any CPU
	EndGlobalSection
	GlobalSection(SolutionProperties) = preSolution
		HideSolutionNode = FALSE
	EndGlobalSection
	GlobalSection(ProjectConfigurationPlatforms) = postSolution
		{0A8D697D-CFD3-4420-9C81-799FB41DDBC7}.Debug|Any CPU.ActiveCfg = Debug|Any CPU
		{0A8D697D-CFD3-4420-9C81-799FB41DDBC7}.Debug|Any CPU.Build.0 = Debug|Any CPU
		{0A8D697D-CFD3-4420-9C81-799FB41DDBC7}.Release|Any CPU.ActiveCfg = Release|Any CPU
		{0A8D697D-CFD3-4420-9C81-799FB41DDBC7}.Release|Any CPU.Build.0 = Release|Any CPU
		{88FC315F-33BB-4244-8E56-ABCB255EC162}.Debug|Any CPU.ActiveCfg = Debug|Any CPU
		{88FC315F-33BB-4244-8E56-ABCB255EC162}.Debug|Any CPU.Build.0 = Debug|Any CPU
		{88FC315F-33BB-4244-8E56-ABCB255EC162}.Release|Any CPU.ActiveCfg = Release|Any CPU
		{88FC315F-33BB-4244-8E56-ABCB255EC162}.Release|Any CPU.Build.0 = Release|Any CPU
		{00F43A78-652E-4206-B313-006E34931367}.Debug|Any CPU.ActiveCfg = Debug|Any CPU
		{00F43A78-652E-4206-B313-006E34931367}.Debug|Any CPU.Build.0 = Debug|Any CPU
		{00F43A78-652E-4206-B313-006E34931367}.Release|Any CPU.ActiveCfg = Release|Any CPU
		{00F43A78-652E-4206-B313-006E34931367}.Release|Any CPU.Build.0 = Release|Any CPU
		{CFF41DB3-E63D-4082-B353-DBF72DBBAE99}.Debug|Any CPU.ActiveCfg = Debug|Any CPU
		{CFF41DB3-E63D-4082-B353-DBF72DBBAE99}.Debug|Any CPU.Build.0 = Debug|Any CPU
		{CFF41DB3-E63D-4082-B353-DBF72DBBAE99}.Release|Any CPU.ActiveCfg = Release|Any CPU
		{CFF41DB3-E63D-4082-B353-DBF72DBBAE99}.Release|Any CPU.Build.0 = Release|Any CPU
		{B9691329-3E4B-4B4C-A776-2D59616AF34D}.Debug|Any CPU.ActiveCfg = Debug|Any CPU
		{B9691329-3E4B-4B4C-A776-2D59616AF34D}.Debug|Any CPU.Build.0 = Debug|Any CPU
		{B9691329-3E4B-4B4C-A776-2D59616AF34D}.Release|Any CPU.ActiveCfg = Release|Any CPU
		{B9691329-3E4B-4B4C-A776-2D59616AF34D}.Release|Any CPU.Build.0 = Release|Any CPU
		{B1B104F5-E4B0-45A8-9290-4297B3079163}.Debug|Any CPU.ActiveCfg = Debug|Any CPU
		{B1B104F5-E4B0-45A8-9290-4297B3079163}.Debug|Any CPU.Build.0 = Debug|Any CPU
		{B1B104F5-E4B0-45A8-9290-4297B3079163}.Release|Any CPU.ActiveCfg = Release|Any CPU
		{B1B104F5-E4B0-45A8-9290-4297B3079163}.Release|Any CPU.Build.0 = Release|Any CPU
	EndGlobalSection
	GlobalSection(NestedProjects) = preSolution
		{0A8D697D-CFD3-4420-9C81-799FB41DDBC7} = {76F25E2F-CCA0-49BB-A8C1-7F3162EADA9C}
		{88FC315F-33BB-4244-8E56-ABCB255EC162} = {76F25E2F-CCA0-49BB-A8C1-7F3162EADA9C}
		{00F43A78-652E-4206-B313-006E34931367} = {76F25E2F-CCA0-49BB-A8C1-7F3162EADA9C}
		{CFF41DB3-E63D-4082-B353-DBF72DBBAE99} = {76F25E2F-CCA0-49BB-A8C1-7F3162EADA9C}
		{B9691329-3E4B-4B4C-A776-2D59616AF34D} = {76F25E2F-CCA0-49BB-A8C1-7F3162EADA9C}
		{B1B104F5-E4B0-45A8-9290-4297B3079163} = {76F25E2F-CCA0-49BB-A8C1-7F3162EADA9C}
	EndGlobalSection
EndGlobal
